
Microsoft Visual Studio Solution File, Format Version 12.00
# Visual Studio Version 17
VisualStudioVersion = 17.0.32126.317
MinimumVisualStudioVersion = 10.0.40219.1
Project("{9A19103F-16F7-4668-BE54-9A1E7A4F7556}") = "BookList", "BookList\BookList.csproj", "{EDAA818E-F809-4739-AA98-241E54CB4A01}"
EndProject
Project("{E53339B2-1760-4266-BCC7-CA923CBCF16C}") = "docker-compose", "docker-compose.dcproj", "{FC398FD8-E805-4307-A28E-376DB10AFA3E}"
EndProject
Global
	GlobalSection(SolutionConfigurationPlatforms) = preSolution
		Debug|Any CPU = Debug|Any CPU
		Release|Any CPU = Release|Any CPU
	EndGlobalSection
	GlobalSection(ProjectConfigurationPlatforms) = postSolution
		{EDAA818E-F809-4739-AA98-241E54CB4A01}.Debug|Any CPU.ActiveCfg = Debug|Any CPU
		{EDAA818E-F809-4739-AA98-241E54CB4A01}.Debug|Any CPU.Build.0 = Debug|Any CPU
		{EDAA818E-F809-4739-AA98-241E54CB4A01}.Release|Any CPU.ActiveCfg = Release|Any CPU
		{EDAA818E-F809-4739-AA98-241E54CB4A01}.Release|Any CPU.Build.0 = Release|Any CPU
		{FC398FD8-E805-4307-A28E-376DB10AFA3E}.Debug|Any CPU.ActiveCfg = Debug|Any CPU
		{FC398FD8-E805-4307-A28E-376DB10AFA3E}.Debug|Any CPU.Build.0 = Debug|Any CPU
		{FC398FD8-E805-4307-A28E-376DB10AFA3E}.Release|Any CPU.ActiveCfg = Release|Any CPU
		{FC398FD8-E805-4307-A28E-376DB10AFA3E}.Release|Any CPU.Build.0 = Release|Any CPU
	EndGlobalSection
	GlobalSection(SolutionProperties) = preSolution
		HideSolutionNode = FALSE
	EndGlobalSection
	GlobalSection(ExtensibilityGlobals) = postSolution
		SolutionGuid = {D7842005-82B8-4E06-A76A-444D0D210569}
	EndGlobalSection
EndGlobal
